
Microsoft Visual Studio Solution File, Format Version 12.00
# Visual Studio Version 17
VisualStudioVersion = 17.12.35514.174 d17.12
MinimumVisualStudioVersion = 10.0.40219.1
Project("{FAE04EC0-301F-11D3-BF4B-00C04F79EFBC}") = "PrefinalProgramacionPunto3D.Windows", "PrefinalProgramacionPunto3D.Windows\PrefinalProgramacionPunto3D.Windows.csproj", "{224F0AE4-2519-46EB-B4A7-8DB44CAA4C73}"
EndProject
Project("{FAE04EC0-301F-11D3-BF4B-00C04F79EFBC}") = "PrefinalProgramacionPunto3D.Entidades", "PrefinalProgramacionPunto3D.Entidades\PrefinalProgramacionPunto3D.Entidades.csproj", "{491F0181-7749-41C8-A4C1-8A299E521065}"
EndProject
Project("{FAE04EC0-301F-11D3-BF4B-00C04F79EFBC}") = "PrefinalProgramacionPunto3D.Datos", "PrefinalProgramacionPunto3D.Datos\PrefinalProgramacionPunto3D.Datos.csproj", "{75F015AF-0F1B-4A0C-B0C2-0D673DF60875}"
EndProject
Global
	GlobalSection(SolutionConfigurationPlatforms) = preSolution
		Debug|Any CPU = Debug|Any CPU
		Release|Any CPU = Release|Any CPU
	EndGlobalSection
	GlobalSection(ProjectConfigurationPlatforms) = postSolution
		{224F0AE4-2519-46EB-B4A7-8DB44CAA4C73}.Debug|Any CPU.ActiveCfg = Debug|Any CPU
		{224F0AE4-2519-46EB-B4A7-8DB44CAA4C73}.Debug|Any CPU.Build.0 = Debug|Any CPU
		{224F0AE4-2519-46EB-B4A7-8DB44CAA4C73}.Release|Any CPU.ActiveCfg = Release|Any CPU
		{224F0AE4-2519-46EB-B4A7-8DB44CAA4C73}.Release|Any CPU.Build.0 = Release|Any CPU
		{491F0181-7749-41C8-A4C1-8A299E521065}.Debug|Any CPU.ActiveCfg = Debug|Any CPU
		{491F0181-7749-41C8-A4C1-8A299E521065}.Debug|Any CPU.Build.0 = Debug|Any CPU
		{491F0181-7749-41C8-A4C1-8A299E521065}.Release|Any CPU.ActiveCfg = Release|Any CPU
		{491F0181-7749-41C8-A4C1-8A299E521065}.Release|Any CPU.Build.0 = Release|Any CPU
		{75F015AF-0F1B-4A0C-B0C2-0D673DF60875}.Debug|Any CPU.ActiveCfg = Debug|Any CPU
		{75F015AF-0F1B-4A0C-B0C2-0D673DF60875}.Debug|Any CPU.Build.0 = Debug|Any CPU
		{75F015AF-0F1B-4A0C-B0C2-0D673DF60875}.Release|Any CPU.ActiveCfg = Release|Any CPU
		{75F015AF-0F1B-4A0C-B0C2-0D673DF60875}.Release|Any CPU.Build.0 = Release|Any CPU
	EndGlobalSection
	GlobalSection(SolutionProperties) = preSolution
		HideSolutionNode = FALSE
	EndGlobalSection
EndGlobal
